
Microsoft Visual Studio Solution File, Format Version 12.00
# Visual Studio 15
VisualStudioVersion = 15.0.28307.1300
MinimumVisualStudioVersion = 10.0.40219.1
Project("{6989167D-11E4-40FE-8C1A-2192A86A7E90}") = "swat_linear", "swat_linear\swat_linear.vfproj", "{AC3472A8-ED18-47EE-95B4-E0848F346BAB}"
EndProject
Global
	GlobalSection(SolutionConfigurationPlatforms) = preSolution
		Debug|x86 = Debug|x86
		Release|x86 = Release|x86
	EndGlobalSection
	GlobalSection(ProjectConfigurationPlatforms) = postSolution
		{AC3472A8-ED18-47EE-95B4-E0848F346BAB}.Debug|x86.ActiveCfg = Debug|Win32
		{AC3472A8-ED18-47EE-95B4-E0848F346BAB}.Debug|x86.Build.0 = Debug|Win32
		{AC3472A8-ED18-47EE-95B4-E0848F346BAB}.Release|x86.ActiveCfg = Release|Win32
		{AC3472A8-ED18-47EE-95B4-E0848F346BAB}.Release|x86.Build.0 = Release|Win32
	EndGlobalSection
	GlobalSection(SolutionProperties) = preSolution
		HideSolutionNode = FALSE
	EndGlobalSection
	GlobalSection(ExtensibilityGlobals) = postSolution
		SolutionGuid = {BECE20BF-92E2-443C-B4B1-FFFFF676B70D}
	EndGlobalSection
EndGlobal
